{
  "requires": true,
  "lockfileVersion": 1,
  "dependencies": {
    "react-native-svg": {
      "version": "9.2.3",
      "resolved": "https://registry.npmjs.org/react-native-svg/-/react-native-svg-9.2.3.tgz",
      "integrity": "sha512-BRyCv/k7hcrES039W2kbmPa7rVLVzWUEwwF+L53tYChFD57G750+CxKiAuSrDgRSSinqWGbuBWO6QNXMIdu8lw=="
    }
  }
}
